
Microsoft Visual Studio Solution File, Format Version 12.00
# Visual Studio Version 17
VisualStudioVersion = 17.11.35327.3
MinimumVisualStudioVersion = 10.0.40219.1
Project("{2150E333-8FDC-42A3-9474-1A3956D46DE8}") = "Domain", "Domain", "{AABB8527-AA80-4CA4-BBD3-EA045CF329B9}"
EndProject
Project("{FAE04EC0-301F-11D3-BF4B-00C04F79EFBC}") = "AMFINAV.Identity.Domain", "AMFINAV.Identity.Domain\AMFINAV.Identity.Domain.csproj", "{6F3FFD65-EC83-42E4-81B6-4A7960192632}"
EndProject
Project("{2150E333-8FDC-42A3-9474-1A3956D46DE8}") = "Application", "Application", "{329FBF33-BEE2-466D-B7EE-ABE7DD2798A7}"
EndProject
Project("{FAE04EC0-301F-11D3-BF4B-00C04F79EFBC}") = "AMFINAV.Identity.Application", "AMFINAV.Identity.Application\AMFINAV.Identity.Application.csproj", "{35D1B48E-38D7-40A6-BC4A-E032B9398241}"
EndProject
Project("{2150E333-8FDC-42A3-9474-1A3956D46DE8}") = "Infrastructure", "Infrastructure", "{474C7A7E-C97E-4E3B-B0B1-3402A9CE069B}"
EndProject
Project("{FAE04EC0-301F-11D3-BF4B-00C04F79EFBC}") = "AMFINAV.Identity.Infrastructure", "AMFINAV.Identity.Infrastructure\AMFINAV.Identity.Infrastructure.csproj", "{335E1871-46CB-4C7F-BDE5-1D531B473CDD}"
EndProject
Project("{2150E333-8FDC-42A3-9474-1A3956D46DE8}") = "API", "API", "{86C01E6A-AACB-4987-880D-5843F49330D4}"
EndProject
Project("{FAE04EC0-301F-11D3-BF4B-00C04F79EFBC}") = "AMFINAV.Identity.API", "AMFINAV.Identity.API\AMFINAV.Identity.API.csproj", "{EF2A3E6F-DE90-4348-94D7-CED01BA196F7}"
EndProject
Project("{2150E333-8FDC-42A3-9474-1A3956D46DE8}") = "ApiGateway", "ApiGateway", "{C897B43B-F954-41E2-A519-8576474A47EC}"
EndProject
Project("{FAE04EC0-301F-11D3-BF4B-00C04F79EFBC}") = "AMFINAV.ApiGateway", "AMFINAV.ApiGateway\AMFINAV.ApiGateway.csproj", "{31D522B0-7C91-427C-BBA8-106B02C21439}"
EndProject
Global
	GlobalSection(SolutionConfigurationPlatforms) = preSolution
		Debug|Any CPU = Debug|Any CPU
		Release|Any CPU = Release|Any CPU
	EndGlobalSection
	GlobalSection(ProjectConfigurationPlatforms) = postSolution
		{6F3FFD65-EC83-42E4-81B6-4A7960192632}.Debug|Any CPU.ActiveCfg = Debug|Any CPU
		{6F3FFD65-EC83-42E4-81B6-4A7960192632}.Debug|Any CPU.Build.0 = Debug|Any CPU
		{6F3FFD65-EC83-42E4-81B6-4A7960192632}.Release|Any CPU.ActiveCfg = Release|Any CPU
		{6F3FFD65-EC83-42E4-81B6-4A7960192632}.Release|Any CPU.Build.0 = Release|Any CPU
		{35D1B48E-38D7-40A6-BC4A-E032B9398241}.Debug|Any CPU.ActiveCfg = Debug|Any CPU
		{35D1B48E-38D7-40A6-BC4A-E032B9398241}.Debug|Any CPU.Build.0 = Debug|Any CPU
		{35D1B48E-38D7-40A6-BC4A-E032B9398241}.Release|Any CPU.ActiveCfg = Release|Any CPU
		{35D1B48E-38D7-40A6-BC4A-E032B9398241}.Release|Any CPU.Build.0 = Release|Any CPU
		{335E1871-46CB-4C7F-BDE5-1D531B473CDD}.Debug|Any CPU.ActiveCfg = Debug|Any CPU
		{335E1871-46CB-4C7F-BDE5-1D531B473CDD}.Debug|Any CPU.Build.0 = Debug|Any CPU
		{335E1871-46CB-4C7F-BDE5-1D531B473CDD}.Release|Any CPU.ActiveCfg = Release|Any CPU
		{335E1871-46CB-4C7F-BDE5-1D531B473CDD}.Release|Any CPU.Build.0 = Release|Any CPU
		{EF2A3E6F-DE90-4348-94D7-CED01BA196F7}.Debug|Any CPU.ActiveCfg = Debug|Any CPU
		{EF2A3E6F-DE90-4348-94D7-CED01BA196F7}.Debug|Any CPU.Build.0 = Debug|Any CPU
		{EF2A3E6F-DE90-4348-94D7-CED01BA196F7}.Release|Any CPU.ActiveCfg = Release|Any CPU
		{EF2A3E6F-DE90-4348-94D7-CED01BA196F7}.Release|Any CPU.Build.0 = Release|Any CPU
		{31D522B0-7C91-427C-BBA8-106B02C21439}.Debug|Any CPU.ActiveCfg = Debug|Any CPU
		{31D522B0-7C91-427C-BBA8-106B02C21439}.Debug|Any CPU.Build.0 = Debug|Any CPU
		{31D522B0-7C91-427C-BBA8-106B02C21439}.Release|Any CPU.ActiveCfg = Release|Any CPU
		{31D522B0-7C91-427C-BBA8-106B02C21439}.Release|Any CPU.Build.0 = Release|Any CPU
	EndGlobalSection
	GlobalSection(SolutionProperties) = preSolution
		HideSolutionNode = FALSE
	EndGlobalSection
	GlobalSection(NestedProjects) = preSolution
		{6F3FFD65-EC83-42E4-81B6-4A7960192632} = {AABB8527-AA80-4CA4-BBD3-EA045CF329B9}
		{35D1B48E-38D7-40A6-BC4A-E032B9398241} = {329FBF33-BEE2-466D-B7EE-ABE7DD2798A7}
		{335E1871-46CB-4C7F-BDE5-1D531B473CDD} = {474C7A7E-C97E-4E3B-B0B1-3402A9CE069B}
		{EF2A3E6F-DE90-4348-94D7-CED01BA196F7} = {86C01E6A-AACB-4987-880D-5843F49330D4}
		{31D522B0-7C91-427C-BBA8-106B02C21439} = {C897B43B-F954-41E2-A519-8576474A47EC}
	EndGlobalSection
	GlobalSection(ExtensibilityGlobals) = postSolution
		SolutionGuid = {E34D2068-82EE-4EDA-8682-45BC52BC52D1}
	EndGlobalSection
EndGlobal
