
Microsoft Visual Studio Solution File, Format Version 12.00
# Visual Studio Version 17
VisualStudioVersion = 17.11.35327.3
MinimumVisualStudioVersion = 10.0.40219.1
Project("{2150E333-8FDC-42A3-9474-1A3956D46DE8}") = "Domain", "Domain", "{1122FC39-7147-4D40-9FA8-ACEA73A44CB6}"
EndProject
Project("{9A19103F-16F7-4668-BE54-9A1E7A4F7556}") = "AMFINAV.SchemeAPI.Domain", "AMFINAV.SchemeAPI.Domain\AMFINAV.SchemeAPI.Domain.csproj", "{7CDF9CB0-02F9-4804-9644-FAC81B222E86}"
EndProject
Project("{2150E333-8FDC-42A3-9474-1A3956D46DE8}") = "Application", "Application", "{A8793ACA-E3B5-4950-8251-F35C5445866E}"
EndProject
Project("{9A19103F-16F7-4668-BE54-9A1E7A4F7556}") = "AMFINAV.SchemeAPI.Application", "AMFINAV.SchemeAPI.Application\AMFINAV.SchemeAPI.Application.csproj", "{83D8B2C6-C6A4-4448-A850-9FAEA469D9E7}"
EndProject
Project("{2150E333-8FDC-42A3-9474-1A3956D46DE8}") = "Infrastructure", "Infrastructure", "{2E670AA1-58C9-461E-8BB6-9E5D55A5E57F}"
EndProject
Project("{9A19103F-16F7-4668-BE54-9A1E7A4F7556}") = "AMFINAV.SchemeAPI.Infrastructure", "AMFINAV.SchemeAPI.Infrastructure\AMFINAV.SchemeAPI.Infrastructure.csproj", "{3FCF9564-2E7F-4FB0-B1C9-6CE2D1610380}"
EndProject
Project("{2150E333-8FDC-42A3-9474-1A3956D46DE8}") = "API", "API", "{0EA9E07C-3521-4D22-AC77-C7A67CB65E2E}"
EndProject
Project("{9A19103F-16F7-4668-BE54-9A1E7A4F7556}") = "AMFINAV.SchemeAPI.API", "AMFINAV.SchemeAPI.API\AMFINAV.SchemeAPI.API.csproj", "{5B435A66-4C98-4EE9-B842-A0363FDAFE0A}"
EndProject
Global
	GlobalSection(SolutionConfigurationPlatforms) = preSolution
		Debug|Any CPU = Debug|Any CPU
		Release|Any CPU = Release|Any CPU
	EndGlobalSection
	GlobalSection(ProjectConfigurationPlatforms) = postSolution
		{7CDF9CB0-02F9-4804-9644-FAC81B222E86}.Debug|Any CPU.ActiveCfg = Debug|Any CPU
		{7CDF9CB0-02F9-4804-9644-FAC81B222E86}.Debug|Any CPU.Build.0 = Debug|Any CPU
		{7CDF9CB0-02F9-4804-9644-FAC81B222E86}.Release|Any CPU.ActiveCfg = Release|Any CPU
		{7CDF9CB0-02F9-4804-9644-FAC81B222E86}.Release|Any CPU.Build.0 = Release|Any CPU
		{83D8B2C6-C6A4-4448-A850-9FAEA469D9E7}.Debug|Any CPU.ActiveCfg = Debug|Any CPU
		{83D8B2C6-C6A4-4448-A850-9FAEA469D9E7}.Debug|Any CPU.Build.0 = Debug|Any CPU
		{83D8B2C6-C6A4-4448-A850-9FAEA469D9E7}.Release|Any CPU.ActiveCfg = Release|Any CPU
		{83D8B2C6-C6A4-4448-A850-9FAEA469D9E7}.Release|Any CPU.Build.0 = Release|Any CPU
		{3FCF9564-2E7F-4FB0-B1C9-6CE2D1610380}.Debug|Any CPU.ActiveCfg = Debug|Any CPU
		{3FCF9564-2E7F-4FB0-B1C9-6CE2D1610380}.Debug|Any CPU.Build.0 = Debug|Any CPU
		{3FCF9564-2E7F-4FB0-B1C9-6CE2D1610380}.Release|Any CPU.ActiveCfg = Release|Any CPU
		{3FCF9564-2E7F-4FB0-B1C9-6CE2D1610380}.Release|Any CPU.Build.0 = Release|Any CPU
		{5B435A66-4C98-4EE9-B842-A0363FDAFE0A}.Debug|Any CPU.ActiveCfg = Debug|Any CPU
		{5B435A66-4C98-4EE9-B842-A0363FDAFE0A}.Debug|Any CPU.Build.0 = Debug|Any CPU
		{5B435A66-4C98-4EE9-B842-A0363FDAFE0A}.Release|Any CPU.ActiveCfg = Release|Any CPU
		{5B435A66-4C98-4EE9-B842-A0363FDAFE0A}.Release|Any CPU.Build.0 = Release|Any CPU
	EndGlobalSection
	GlobalSection(SolutionProperties) = preSolution
		HideSolutionNode = FALSE
	EndGlobalSection
	GlobalSection(NestedProjects) = preSolution
		{7CDF9CB0-02F9-4804-9644-FAC81B222E86} = {1122FC39-7147-4D40-9FA8-ACEA73A44CB6}
		{83D8B2C6-C6A4-4448-A850-9FAEA469D9E7} = {A8793ACA-E3B5-4950-8251-F35C5445866E}
		{3FCF9564-2E7F-4FB0-B1C9-6CE2D1610380} = {2E670AA1-58C9-461E-8BB6-9E5D55A5E57F}
		{5B435A66-4C98-4EE9-B842-A0363FDAFE0A} = {0EA9E07C-3521-4D22-AC77-C7A67CB65E2E}
	EndGlobalSection
	GlobalSection(ExtensibilityGlobals) = postSolution
		SolutionGuid = {94004283-77C5-449B-8AE7-1A25DB92EA78}
	EndGlobalSection
EndGlobal
